// !$*UTF8*$!
{
	archiveVersion = 1;
	classes = {
	};
	objectVersion = 46;
	objects = {

/* Begin PBXBuildFile section */
		8776E04119BEAAED00BDF50B /* Foundation.framework in Frameworks */ = {isa = PBXBuildFile; fileRef = 8776E04019BEAAED00BDF50B /* Foundation.framework */; };
		8776E04319BEAAED00BDF50B /* CoreGraphics.framework in Frameworks */ = {isa = PBXBuildFile; fileRef = 8776E04219BEAAED00BDF50B /* CoreGraphics.framework */; };
		8776E04519BEAAED00BDF50B /* UIKit.framework in Frameworks */ = {isa = PBXBuildFile; fileRef = 8776E04419BEAAED00BDF50B /* UIKit.framework */; };
		8776E04B19BEAAED00BDF50B /* InfoPlist.strings in Resources */ = {isa = PBXBuildFile; fileRef = 8776E04919BEAAED00BDF50B /* InfoPlist.strings */; };
		8776E04D19BEAAED00BDF50B /* main.m in Sources */ = {isa = PBXBuildFile; fileRef = 8776E04C19BEAAED00BDF50B /* main.m */; };
		8776E05119BEAAED00BDF50B /* LSFAppDelegate.m in Sources */ = {isa = PBXBuildFile; fileRef = 8776E05019BEAAED00BDF50B /* LSFAppDelegate.m */; };
		8776E05419BEAAED00BDF50B /* Main.storyboard in Resources */ = {isa = PBXBuildFile; fileRef = 8776E05219BEAAED00BDF50B /* Main.storyboard */; };
		8776E05719BEAAED00BDF50B /* LSFTutorialViewController.m in Sources */ = {isa = PBXBuildFile; fileRef = 8776E05619BEAAED00BDF50B /* LSFTutorialViewController.m */; };
		8776E05919BEAAED00BDF50B /* Images.xcassets in Resources */ = {isa = PBXBuildFile; fileRef = 8776E05819BEAAED00BDF50B /* Images.xcassets */; };
		8776E06019BEAAED00BDF50B /* XCTest.framework in Frameworks */ = {isa = PBXBuildFile; fileRef = 8776E05F19BEAAED00BDF50B /* XCTest.framework */; };
		8776E06119BEAAED00BDF50B /* Foundation.framework in Frameworks */ = {isa = PBXBuildFile; fileRef = 8776E04019BEAAED00BDF50B /* Foundation.framework */; };
		8776E06219BEAAED00BDF50B /* UIKit.framework in Frameworks */ = {isa = PBXBuildFile; fileRef = 8776E04419BEAAED00BDF50B /* UIKit.framework */; };
		8776E06A19BEAAED00BDF50B /* InfoPlist.strings in Resources */ = {isa = PBXBuildFile; fileRef = 8776E06819BEAAED00BDF50B /* InfoPlist.strings */; };
		8776E06C19BEAAED00BDF50B /* LSFTutorialTests.m in Sources */ = {isa = PBXBuildFile; fileRef = 8776E06B19BEAAED00BDF50B /* LSFTutorialTests.m */; };
		87FA42591A23B41200059BF7 /* SystemConfiguration.framework in Frameworks */ = {isa = PBXBuildFile; fileRef = 87FA42581A23B41200059BF7 /* SystemConfiguration.framework */; };
		87FA42601A23B42800059BF7 /* libc++.1.dylib in Frameworks */ = {isa = PBXBuildFile; fileRef = 87FA425A1A23B42700059BF7 /* libc++.1.dylib */; };
		87FA42611A23B42800059BF7 /* libc++.dylib in Frameworks */ = {isa = PBXBuildFile; fileRef = 87FA425B1A23B42800059BF7 /* libc++.dylib */; };
		87FA42621A23B42800059BF7 /* libc++abi.dylib in Frameworks */ = {isa = PBXBuildFile; fileRef = 87FA425C1A23B42800059BF7 /* libc++abi.dylib */; };
		87FA42631A23B42800059BF7 /* libstdc++.6.0.9.dylib in Frameworks */ = {isa = PBXBuildFile; fileRef = 87FA425D1A23B42800059BF7 /* libstdc++.6.0.9.dylib */; };
		87FA42641A23B42800059BF7 /* libstdc++.6.dylib in Frameworks */ = {isa = PBXBuildFile; fileRef = 87FA425E1A23B42800059BF7 /* libstdc++.6.dylib */; };
		87FA42651A23B42800059BF7 /* libstdc++.dylib in Frameworks */ = {isa = PBXBuildFile; fileRef = 87FA425F1A23B42800059BF7 /* libstdc++.dylib */; };
/* End PBXBuildFile section */

/* Begin PBXContainerItemProxy section */
		8776E06319BEAAED00BDF50B /* PBXContainerItemProxy */ = {
			isa = PBXContainerItemProxy;
			containerPortal = 8776E03519BEAAED00BDF50B /* Project object */;
			proxyType = 1;
			remoteGlobalIDString = 8776E03C19BEAAED00BDF50B;
			remoteInfo = LSFTutorial;
		};
/* End PBXContainerItemProxy section */

/* Begin PBXFileReference section */
		8776E03D19BEAAED00BDF50B /* LSFTutorial.app */ = {isa = PBXFileReference; explicitFileType = wrapper.application; includeInIndex = 0; path = LSFTutorial.app; sourceTree = BUILT_PRODUCTS_DIR; };
		8776E04019BEAAED00BDF50B /* Foundation.framework */ = {isa = PBXFileReference; lastKnownFileType = wrapper.framework; name = Foundation.framework; path = System/Library/Frameworks/Foundation.framework; sourceTree = SDKROOT; };
		8776E04219BEAAED00BDF50B /* CoreGraphics.framework */ = {isa = PBXFileReference; lastKnownFileType = wrapper.framework; name = CoreGraphics.framework; path = System/Library/Frameworks/CoreGraphics.framework; sourceTree = SDKROOT; };
		8776E04419BEAAED00BDF50B /* UIKit.framework */ = {isa = PBXFileReference; lastKnownFileType = wrapper.framework; name = UIKit.framework; path = System/Library/Frameworks/UIKit.framework; sourceTree = SDKROOT; };
		8776E04819BEAAED00BDF50B /* LSFTutorial-Info.plist */ = {isa = PBXFileReference; lastKnownFileType = text.plist.xml; path = "LSFTutorial-Info.plist"; sourceTree = "<group>"; };
		8776E04A19BEAAED00BDF50B /* en */ = {isa = PBXFileReference; lastKnownFileType = text.plist.strings; name = en; path = en.lproj/InfoPlist.strings; sourceTree = "<group>"; };
		8776E04C19BEAAED00BDF50B /* main.m */ = {isa = PBXFileReference; lastKnownFileType = sourcecode.c.objc; path = main.m; sourceTree = "<group>"; };
		8776E04E19BEAAED00BDF50B /* LSFTutorial-Prefix.pch */ = {isa = PBXFileReference; lastKnownFileType = sourcecode.c.h; path = "LSFTutorial-Prefix.pch"; sourceTree = "<group>"; };
		8776E04F19BEAAED00BDF50B /* LSFAppDelegate.h */ = {isa = PBXFileReference; lastKnownFileType = sourcecode.c.h; path = LSFAppDelegate.h; sourceTree = "<group>"; };
		8776E05019BEAAED00BDF50B /* LSFAppDelegate.m */ = {isa = PBXFileReference; lastKnownFileType = sourcecode.c.objc; path = LSFAppDelegate.m; sourceTree = "<group>"; };
		8776E05319BEAAED00BDF50B /* Base */ = {isa = PBXFileReference; lastKnownFileType = file.storyboard; name = Base; path = Base.lproj/Main.storyboard; sourceTree = "<group>"; };
		8776E05519BEAAED00BDF50B /* LSFTutorialViewController.h */ = {isa = PBXFileReference; lastKnownFileType = sourcecode.c.h; path = LSFTutorialViewController.h; sourceTree = "<group>"; };
		8776E05619BEAAED00BDF50B /* LSFTutorialViewController.m */ = {isa = PBXFileReference; lastKnownFileType = sourcecode.c.objc; path = LSFTutorialViewController.m; sourceTree = "<group>"; };
		8776E05819BEAAED00BDF50B /* Images.xcassets */ = {isa = PBXFileReference; lastKnownFileType = folder.assetcatalog; path = Images.xcassets; sourceTree = "<group>"; };
		8776E05E19BEAAED00BDF50B /* LSFTutorialTests.xctest */ = {isa = PBXFileReference; explicitFileType = wrapper.cfbundle; includeInIndex = 0; path = LSFTutorialTests.xctest; sourceTree = BUILT_PRODUCTS_DIR; };
		8776E05F19BEAAED00BDF50B /* XCTest.framework */ = {isa = PBXFileReference; lastKnownFileType = wrapper.framework; name = XCTest.framework; path = Library/Frameworks/XCTest.framework; sourceTree = DEVELOPER_DIR; };
		8776E06719BEAAED00BDF50B /* LSFTutorialTests-Info.plist */ = {isa = PBXFileReference; lastKnownFileType = text.plist.xml; path = "LSFTutorialTests-Info.plist"; sourceTree = "<group>"; };
		8776E06919BEAAED00BDF50B /* en */ = {isa = PBXFileReference; lastKnownFileType = text.plist.strings; name = en; path = en.lproj/InfoPlist.strings; sourceTree = "<group>"; };
		8776E06B19BEAAED00BDF50B /* LSFTutorialTests.m */ = {isa = PBXFileReference; lastKnownFileType = sourcecode.c.objc; path = LSFTutorialTests.m; sourceTree = "<group>"; };
		87A15C601A24DB0D004FE3CD /* libLSFObjC.a */ = {isa = PBXFileReference; lastKnownFileType = archive.ar; name = libLSFObjC.a; path = "../../../../../../../Library/Developer/Xcode/DerivedData/LSFTutorial-dzkmvxsuctrceocsjmzyqvjtjlgj/Build/Products/Debug-iphoneos/libLSFObjC.a"; sourceTree = "<group>"; };
		87FA42581A23B41200059BF7 /* SystemConfiguration.framework */ = {isa = PBXFileReference; lastKnownFileType = wrapper.framework; name = SystemConfiguration.framework; path = System/Library/Frameworks/SystemConfiguration.framework; sourceTree = SDKROOT; };
		87FA425A1A23B42700059BF7 /* libc++.1.dylib */ = {isa = PBXFileReference; lastKnownFileType = "compiled.mach-o.dylib"; name = "libc++.1.dylib"; path = "usr/lib/libc++.1.dylib"; sourceTree = SDKROOT; };
		87FA425B1A23B42800059BF7 /* libc++.dylib */ = {isa = PBXFileReference; lastKnownFileType = "compiled.mach-o.dylib"; name = "libc++.dylib"; path = "usr/lib/libc++.dylib"; sourceTree = SDKROOT; };
		87FA425C1A23B42800059BF7 /* libc++abi.dylib */ = {isa = PBXFileReference; lastKnownFileType = "compiled.mach-o.dylib"; name = "libc++abi.dylib"; path = "usr/lib/libc++abi.dylib"; sourceTree = SDKROOT; };
		87FA425D1A23B42800059BF7 /* libstdc++.6.0.9.dylib */ = {isa = PBXFileReference; lastKnownFileType = "compiled.mach-o.dylib"; name = "libstdc++.6.0.9.dylib"; path = "usr/lib/libstdc++.6.0.9.dylib"; sourceTree = SDKROOT; };
		87FA425E1A23B42800059BF7 /* libstdc++.6.dylib */ = {isa = PBXFileReference; lastKnownFileType = "compiled.mach-o.dylib"; name = "libstdc++.6.dylib"; path = "usr/lib/libstdc++.6.dylib"; sourceTree = SDKROOT; };
		87FA425F1A23B42800059BF7 /* libstdc++.dylib */ = {isa = PBXFileReference; lastKnownFileType = "compiled.mach-o.dylib"; name = "libstdc++.dylib"; path = "usr/lib/libstdc++.dylib"; sourceTree = SDKROOT; };
/* End PBXFileReference section */

/* Begin PBXFrameworksBuildPhase section */
		8776E03A19BEAAED00BDF50B /* Frameworks */ = {
			isa = PBXFrameworksBuildPhase;
			buildActionMask = 2147483647;
			files = (
				87FA42631A23B42800059BF7 /* libstdc++.6.0.9.dylib in Frameworks */,
				87FA42641A23B42800059BF7 /* libstdc++.6.dylib in Frameworks */,
				87FA42651A23B42800059BF7 /* libstdc++.dylib in Frameworks */,
				87FA42601A23B42800059BF7 /* libc++.1.dylib in Frameworks */,
				87FA42621A23B42800059BF7 /* libc++abi.dylib in Frameworks */,
				87FA42611A23B42800059BF7 /* libc++.dylib in Frameworks */,
				87FA42591A23B41200059BF7 /* SystemConfiguration.framework in Frameworks */,
				8776E04319BEAAED00BDF50B /* CoreGraphics.framework in Frameworks */,
				8776E04519BEAAED00BDF50B /* UIKit.framework in Frameworks */,
				8776E04119BEAAED00BDF50B /* Foundation.framework in Frameworks */,
			);
			runOnlyForDeploymentPostprocessing = 0;
		};
		8776E05B19BEAAED00BDF50B /* Frameworks */ = {
			isa = PBXFrameworksBuildPhase;
			buildActionMask = 2147483647;
			files = (
				8776E06019BEAAED00BDF50B /* XCTest.framework in Frameworks */,
				8776E06219BEAAED00BDF50B /* UIKit.framework in Frameworks */,
				8776E06119BEAAED00BDF50B /* Foundation.framework in Frameworks */,
			);
			runOnlyForDeploymentPostprocessing = 0;
		};
/* End PBXFrameworksBuildPhase section */

/* Begin PBXGroup section */
		8776E03419BEAAED00BDF50B = {
			isa = PBXGroup;
			children = (
				8776E04619BEAAED00BDF50B /* LSFTutorial */,
				8776E06519BEAAED00BDF50B /* LSFTutorialTests */,
				8776E03F19BEAAED00BDF50B /* Frameworks */,
				8776E03E19BEAAED00BDF50B /* Products */,
			);
			sourceTree = "<group>";
		};
		8776E03E19BEAAED00BDF50B /* Products */ = {
			isa = PBXGroup;
			children = (
				8776E03D19BEAAED00BDF50B /* LSFTutorial.app */,
				8776E05E19BEAAED00BDF50B /* LSFTutorialTests.xctest */,
			);
			name = Products;
			sourceTree = "<group>";
		};
		8776E03F19BEAAED00BDF50B /* Frameworks */ = {
			isa = PBXGroup;
			children = (
				87A15C601A24DB0D004FE3CD /* libLSFObjC.a */,
				87FA425A1A23B42700059BF7 /* libc++.1.dylib */,
				87FA425B1A23B42800059BF7 /* libc++.dylib */,
				87FA425C1A23B42800059BF7 /* libc++abi.dylib */,
				87FA425D1A23B42800059BF7 /* libstdc++.6.0.9.dylib */,
				87FA425E1A23B42800059BF7 /* libstdc++.6.dylib */,
				87FA425F1A23B42800059BF7 /* libstdc++.dylib */,
				87FA42581A23B41200059BF7 /* SystemConfiguration.framework */,
				8776E04019BEAAED00BDF50B /* Foundation.framework */,
				8776E04219BEAAED00BDF50B /* CoreGraphics.framework */,
				8776E04419BEAAED00BDF50B /* UIKit.framework */,
				8776E05F19BEAAED00BDF50B /* XCTest.framework */,
			);
			name = Frameworks;
			sourceTree = "<group>";
		};
		8776E04619BEAAED00BDF50B /* LSFTutorial */ = {
			isa = PBXGroup;
			children = (
				8776E04F19BEAAED00BDF50B /* LSFAppDelegate.h */,
				8776E05019BEAAED00BDF50B /* LSFAppDelegate.m */,
				8776E05219BEAAED00BDF50B /* Main.storyboard */,
				8776E05519BEAAED00BDF50B /* LSFTutorialViewController.h */,
				8776E05619BEAAED00BDF50B /* LSFTutorialViewController.m */,
				8776E05819BEAAED00BDF50B /* Images.xcassets */,
				8776E04719BEAAED00BDF50B /* Supporting Files */,
			);
			path = LSFTutorial;
			sourceTree = "<group>";
		};
		8776E04719BEAAED00BDF50B /* Supporting Files */ = {
			isa = PBXGroup;
			children = (
				8776E04819BEAAED00BDF50B /* LSFTutorial-Info.plist */,
				8776E04919BEAAED00BDF50B /* InfoPlist.strings */,
				8776E04C19BEAAED00BDF50B /* main.m */,
				8776E04E19BEAAED00BDF50B /* LSFTutorial-Prefix.pch */,
			);
			name = "Supporting Files";
			sourceTree = "<group>";
		};
		8776E06519BEAAED00BDF50B /* LSFTutorialTests */ = {
			isa = PBXGroup;
			children = (
				8776E06B19BEAAED00BDF50B /* LSFTutorialTests.m */,
				8776E06619BEAAED00BDF50B /* Supporting Files */,
			);
			path = LSFTutorialTests;
			sourceTree = "<group>";
		};
		8776E06619BEAAED00BDF50B /* Supporting Files */ = {
			isa = PBXGroup;
			children = (
				8776E06719BEAAED00BDF50B /* LSFTutorialTests-Info.plist */,
				8776E06819BEAAED00BDF50B /* InfoPlist.strings */,
			);
			name = "Supporting Files";
			sourceTree = "<group>";
		};
/* End PBXGroup section */

/* Begin PBXNativeTarget section */
		8776E03C19BEAAED00BDF50B /* LSFTutorial */ = {
			isa = PBXNativeTarget;
			buildConfigurationList = 8776E06F19BEAAED00BDF50B /* Build configuration list for PBXNativeTarget "LSFTutorial" */;
			buildPhases = (
				8776E03919BEAAED00BDF50B /* Sources */,
				8776E03A19BEAAED00BDF50B /* Frameworks */,
				8776E03B19BEAAED00BDF50B /* Resources */,
			);
			buildRules = (
			);
			dependencies = (
			);
			name = LSFTutorial;
			productName = LSFTutorial;
			productReference = 8776E03D19BEAAED00BDF50B /* LSFTutorial.app */;
			productType = "com.apple.product-type.application";
		};
		8776E05D19BEAAED00BDF50B /* LSFTutorialTests */ = {
			isa = PBXNativeTarget;
			buildConfigurationList = 8776E07219BEAAED00BDF50B /* Build configuration list for PBXNativeTarget "LSFTutorialTests" */;
			buildPhases = (
				8776E05A19BEAAED00BDF50B /* Sources */,
				8776E05B19BEAAED00BDF50B /* Frameworks */,
				8776E05C19BEAAED00BDF50B /* Resources */,
			);
			buildRules = (
			);
			dependencies = (
				8776E06419BEAAED00BDF50B /* PBXTargetDependency */,
			);
			name = LSFTutorialTests;
			productName = LSFTutorialTests;
			productReference = 8776E05E19BEAAED00BDF50B /* LSFTutorialTests.xctest */;
			productType = "com.apple.product-type.bundle.unit-test";
		};
/* End PBXNativeTarget section */

/* Begin PBXProject section */
		8776E03519BEAAED00BDF50B /* Project object */ = {
			isa = PBXProject;
			attributes = {
				CLASSPREFIX = LSF;
				LastUpgradeCheck = 0510;
				ORGANIZATIONNAME = "AllSeen Alliance";
				TargetAttributes = {
					8776E05D19BEAAED00BDF50B = {
						TestTargetID = 8776E03C19BEAAED00BDF50B;
					};
				};
			};
			buildConfigurationList = 8776E03819BEAAED00BDF50B /* Build configuration list for PBXProject "LSFTutorial" */;
			compatibilityVersion = "Xcode 3.2";
			developmentRegion = English;
			hasScannedForEncodings = 0;
			knownRegions = (
				en,
				Base,
			);
			mainGroup = 8776E03419BEAAED00BDF50B;
			productRefGroup = 8776E03E19BEAAED00BDF50B /* Products */;
			projectDirPath = "";
			projectRoot = "";
			targets = (
				8776E03C19BEAAED00BDF50B /* LSFTutorial */,
				8776E05D19BEAAED00BDF50B /* LSFTutorialTests */,
			);
		};
/* End PBXProject section */

/* Begin PBXResourcesBuildPhase section */
		8776E03B19BEAAED00BDF50B /* Resources */ = {
			isa = PBXResourcesBuildPhase;
			buildActionMask = 2147483647;
			files = (
				8776E05919BEAAED00BDF50B /* Images.xcassets in Resources */,
				8776E04B19BEAAED00BDF50B /* InfoPlist.strings in Resources */,
				8776E05419BEAAED00BDF50B /* Main.storyboard in Resources */,
			);
			runOnlyForDeploymentPostprocessing = 0;
		};
		8776E05C19BEAAED00BDF50B /* Resources */ = {
			isa = PBXResourcesBuildPhase;
			buildActionMask = 2147483647;
			files = (
				8776E06A19BEAAED00BDF50B /* InfoPlist.strings in Resources */,
			);
			runOnlyForDeploymentPostprocessing = 0;
		};
/* End PBXResourcesBuildPhase section */

/* Begin PBXSourcesBuildPhase section */
		8776E03919BEAAED00BDF50B /* Sources */ = {
			isa = PBXSourcesBuildPhase;
			buildActionMask = 2147483647;
			files = (
				8776E05119BEAAED00BDF50B /* LSFAppDelegate.m in Sources */,
				8776E05719BEAAED00BDF50B /* LSFTutorialViewController.m in Sources */,
				8776E04D19BEAAED00BDF50B /* main.m in Sources */,
			);
			runOnlyForDeploymentPostprocessing = 0;
		};
		8776E05A19BEAAED00BDF50B /* Sources */ = {
			isa = PBXSourcesBuildPhase;
			buildActionMask = 2147483647;
			files = (
				8776E06C19BEAAED00BDF50B /* LSFTutorialTests.m in Sources */,
			);
			runOnlyForDeploymentPostprocessing = 0;
		};
/* End PBXSourcesBuildPhase section */

/* Begin PBXTargetDependency section */
		8776E06419BEAAED00BDF50B /* PBXTargetDependency */ = {
			isa = PBXTargetDependency;
			target = 8776E03C19BEAAED00BDF50B /* LSFTutorial */;
			targetProxy = 8776E06319BEAAED00BDF50B /* PBXContainerItemProxy */;
		};
/* End PBXTargetDependency section */

/* Begin PBXVariantGroup section */
		8776E04919BEAAED00BDF50B /* InfoPlist.strings */ = {
			isa = PBXVariantGroup;
			children = (
				8776E04A19BEAAED00BDF50B /* en */,
			);
			name = InfoPlist.strings;
			sourceTree = "<group>";
		};
		8776E05219BEAAED00BDF50B /* Main.storyboard */ = {
			isa = PBXVariantGroup;
			children = (
				8776E05319BEAAED00BDF50B /* Base */,
			);
			name = Main.storyboard;
			sourceTree = "<group>";
		};
		8776E06819BEAAED00BDF50B /* InfoPlist.strings */ = {
			isa = PBXVariantGroup;
			children = (
				8776E06919BEAAED00BDF50B /* en */,
			);
			name = InfoPlist.strings;
			sourceTree = "<group>";
		};
/* End PBXVariantGroup section */

/* Begin XCBuildConfiguration section */
		8776E06D19BEAAED00BDF50B /* Debug */ = {
			isa = XCBuildConfiguration;
			buildSettings = {
				ALWAYS_SEARCH_USER_PATHS = NO;
				CLANG_CXX_LANGUAGE_STANDARD = "gnu++0x";
				CLANG_CXX_LIBRARY = "libc++";
				CLANG_ENABLE_MODULES = YES;
				CLANG_ENABLE_OBJC_ARC = YES;
				CLANG_WARN_BOOL_CONVERSION = YES;
				CLANG_WARN_CONSTANT_CONVERSION = YES;
				CLANG_WARN_DIRECT_OBJC_ISA_USAGE = YES_ERROR;
				CLANG_WARN_EMPTY_BODY = YES;
				CLANG_WARN_ENUM_CONVERSION = YES;
				CLANG_WARN_INT_CONVERSION = YES;
				CLANG_WARN_OBJC_ROOT_CLASS = YES_ERROR;
				CLANG_WARN__DUPLICATE_METHOD_MATCH = YES;
				"CODE_SIGN_IDENTITY[sdk=iphoneos*]" = "iPhone Developer";
				COPY_PHASE_STRIP = NO;
				GCC_C_LANGUAGE_STANDARD = gnu99;
				GCC_DYNAMIC_NO_PIC = NO;
				GCC_OPTIMIZATION_LEVEL = 0;
				GCC_PREPROCESSOR_DEFINITIONS = (
					"DEBUG=1",
					"$(inherited)",
				);
				GCC_SYMBOLS_PRIVATE_EXTERN = NO;
				GCC_WARN_64_TO_32_BIT_CONVERSION = YES;
				GCC_WARN_ABOUT_RETURN_TYPE = YES_ERROR;
				GCC_WARN_UNDECLARED_SELECTOR = YES;
				GCC_WARN_UNINITIALIZED_AUTOS = YES_AGGRESSIVE;
				GCC_WARN_UNUSED_FUNCTION = YES;
				GCC_WARN_UNUSED_VARIABLE = YES;
				IPHONEOS_DEPLOYMENT_TARGET = 8.0;
				ONLY_ACTIVE_ARCH = YES;
				SDKROOT = iphoneos;
			};
			name = Debug;
		};
		8776E06E19BEAAED00BDF50B /* Release */ = {
			isa = XCBuildConfiguration;
			buildSettings = {
				ALWAYS_SEARCH_USER_PATHS = NO;
				CLANG_CXX_LANGUAGE_STANDARD = "gnu++0x";
				CLANG_CXX_LIBRARY = "libc++";
				CLANG_ENABLE_MODULES = YES;
				CLANG_ENABLE_OBJC_ARC = YES;
				CLANG_WARN_BOOL_CONVERSION = YES;
				CLANG_WARN_CONSTANT_CONVERSION = YES;
				CLANG_WARN_DIRECT_OBJC_ISA_USAGE = YES_ERROR;
				CLANG_WARN_EMPTY_BODY = YES;
				CLANG_WARN_ENUM_CONVERSION = YES;
				CLANG_WARN_INT_CONVERSION = YES;
				CLANG_WARN_OBJC_ROOT_CLASS = YES_ERROR;
				CLANG_WARN__DUPLICATE_METHOD_MATCH = YES;
				"CODE_SIGN_IDENTITY[sdk=iphoneos*]" = "iPhone Developer";
				COPY_PHASE_STRIP = YES;
				ENABLE_NS_ASSERTIONS = NO;
				GCC_C_LANGUAGE_STANDARD = gnu99;
				GCC_WARN_64_TO_32_BIT_CONVERSION = YES;
				GCC_WARN_ABOUT_RETURN_TYPE = YES_ERROR;
				GCC_WARN_UNDECLARED_SELECTOR = YES;
				GCC_WARN_UNINITIALIZED_AUTOS = YES_AGGRESSIVE;
				GCC_WARN_UNUSED_FUNCTION = YES;
				GCC_WARN_UNUSED_VARIABLE = YES;
				IPHONEOS_DEPLOYMENT_TARGET = 8.0;
				SDKROOT = iphoneos;
				VALIDATE_PRODUCT = YES;
			};
			name = Release;
		};
		8776E07019BEAAED00BDF50B /* Debug */ = {
			isa = XCBuildConfiguration;
			buildSettings = {
				ASSETCATALOG_COMPILER_APPICON_NAME = AppIcon;
				ASSETCATALOG_COMPILER_LAUNCHIMAGE_NAME = LaunchImage;
				CLANG_CXX_LANGUAGE_STANDARD = "compiler-default";
				CLANG_CXX_LIBRARY = "compiler-default";
				CODE_SIGN_IDENTITY = "iPhone Developer";
				GCC_C_LANGUAGE_STANDARD = "compiler-default";
				GCC_ENABLE_CPP_EXCEPTIONS = NO;
				GCC_ENABLE_CPP_RTTI = NO;
				GCC_INPUT_FILETYPE = sourcecode.cpp.objcpp;
				GCC_PRECOMPILE_PREFIX_HEADER = YES;
				GCC_PREFIX_HEADER = "LSFTutorial/LSFTutorial-Prefix.pch";
				GCC_WARN_UNINITIALIZED_AUTOS = YES;
				HEADER_SEARCH_PATHS = (
					"$(inherited)",
					/Applications/Xcode.app/Contents/Developer/Toolchains/XcodeDefault.xctoolchain/usr/include,
					"\"$(LSF_SDK_ROOT)/iOS/Libraries/LSFObjCHelper/include/LSFObjCHelper\"",
					"\"$(LSF_SDK_ROOT)/iOS/Libraries/LSFObjC/include/LSFObjC\"",
					"\"$(LSF_SDK_ROOT)/iOS/Libraries/AllJoyn/build/darwin/arm/$(PLATFORM_NAME)/$(CONFIGURATION)/dist/cpp/inc\"",
					"\"$(LSF_SDK_ROOT)/iOS/Libraries/ServiceFramework/include/standard_core_library/lighting_controller_client/inc\"",
					"\"$(LSF_SDK_ROOT)/iOS/Libraries/ServiceFramework/include/standard_core_library/lighting_controller_service/inc\"",
					"\"$(LSF_SDK_ROOT)/iOS/Libraries/ServiceFramework/include/standard_core_library/common/inc\"",
					"\"$(LSF_SDK_ROOT)/iOS/Libraries/ServiceFramework/include/common/inc\"",
				);
				INFOPLIST_FILE = "LSFTutorial/LSFTutorial-Info.plist";
				IPHONEOS_DEPLOYMENT_TARGET = 8.0;
				LIBRARY_SEARCH_PATHS = (
					"$(inherited)",
					"\"$(LSF_SDK_ROOT)/iOS/Libraries/AllJoyn/build/darwin/$(CURRENT_ARCH)/$(PLATFORM_NAME)/$(CONFIGURATION)/dist/cpp/lib\"",
					"\"$(LSF_SDK_ROOT)/iOS/Libraries/AllJoyn/build/darwin/arm/$(PLATFORM_NAME)/$(CONFIGURATION)/dist/about/lib\"",
					"\"$(LSF_SDK_ROOT)/iOS/Libraries/LSFObjCHelper/lib/$(CONFIGURATION)-$(PLATFORM_NAME)\"",
					"\"$(OPENSSL_ROOT)/build/$(CONFIGURATION)-$(PLATFORM_NAME)\"",
				);
				ONLY_ACTIVE_ARCH = NO;
				OTHER_CFLAGS = (
					"-DQCC_OS_GROUP_POSIX",
					"-DQCC_OS_DARWIN",
				);
				OTHER_LDFLAGS = (
					"-ObjC",
					"-lalljoyn",
					"-lajrouter",
					"-lssl",
					"-lcrypto",
					"-lLSFObjCHelper",
				);
				PRODUCT_NAME = "$(TARGET_NAME)";
				USER_HEADER_SEARCH_PATHS = "";
				VALID_ARCHS = "armv7 arm64";
				WRAPPER_EXTENSION = app;
			};
			name = Debug;
		};
		8776E07119BEAAED00BDF50B /* Release */ = {
			isa = XCBuildConfiguration;
			buildSettings = {
				ASSETCATALOG_COMPILER_APPICON_NAME = AppIcon;
				ASSETCATALOG_COMPILER_LAUNCHIMAGE_NAME = LaunchImage;
				CLANG_CXX_LANGUAGE_STANDARD = "compiler-default";
				CLANG_CXX_LIBRARY = "compiler-default";
				CODE_SIGN_IDENTITY = "iPhone Distribution";
				GCC_C_LANGUAGE_STANDARD = "compiler-default";
				GCC_ENABLE_CPP_EXCEPTIONS = NO;
				GCC_ENABLE_CPP_RTTI = NO;
				GCC_INPUT_FILETYPE = sourcecode.cpp.objcpp;
				GCC_PRECOMPILE_PREFIX_HEADER = YES;
				GCC_PREFIX_HEADER = "LSFTutorial/LSFTutorial-Prefix.pch";
				GCC_WARN_UNINITIALIZED_AUTOS = YES;
				HEADER_SEARCH_PATHS = (
					"$(inherited)",
					/Applications/Xcode.app/Contents/Developer/Toolchains/XcodeDefault.xctoolchain/usr/include,
					"\"$(LSF_SDK_ROOT)/iOS/Libraries/LSFObjCHelper/include/LSFObjCHelper\"",
					"\"$(LSF_SDK_ROOT)/iOS/Libraries/LSFObjC/include/LSFObjC\"",
					"\"$(LSF_SDK_ROOT)/iOS/Libraries/AllJoyn/build/darwin/arm/$(PLATFORM_NAME)/$(CONFIGURATION)/dist/cpp/inc\"",
					"\"$(LSF_SDK_ROOT)/iOS/Libraries/ServiceFramework/include/standard_core_library/lighting_controller_client/inc\"",
					"\"$(LSF_SDK_ROOT)/iOS/Libraries/ServiceFramework/include/standard_core_library/lighting_controller_service/inc\"",
					"\"$(LSF_SDK_ROOT)/iOS/Libraries/ServiceFramework/include/standard_core_library/common/inc\"",
					"\"$(LSF_SDK_ROOT)/iOS/Libraries/ServiceFramework/include/common/inc\"",
				);
				INFOPLIST_FILE = "LSFTutorial/LSFTutorial-Info.plist";
				IPHONEOS_DEPLOYMENT_TARGET = 8.0;
				LIBRARY_SEARCH_PATHS = (
					"$(inherited)",
					"\"$(LSF_SDK_ROOT)/iOS/Libraries/AllJoyn/build/darwin/$(CURRENT_ARCH)/$(PLATFORM_NAME)/$(CONFIGURATION)/dist/cpp/lib\"",
					"\"$(LSF_SDK_ROOT)/iOS/Libraries/AllJoyn/build/darwin/arm/$(PLATFORM_NAME)/$(CONFIGURATION)/dist/about/lib\"",
					"\"$(LSF_SDK_ROOT)/iOS/Libraries/LSFObjCHelper/lib/$(CONFIGURATION)-$(PLATFORM_NAME)\"",
					"\"$(OPENSSL_ROOT)/build/$(CONFIGURATION)-$(PLATFORM_NAME)\"",
				);
				ONLY_ACTIVE_ARCH = NO;
				OTHER_CFLAGS = (
					"-DNS_BLOCK_ASSERTIONS=1",
					"-DQCC_OS_GROUP_POSIX",
					"-DQCC_OS_DARWIN",
				);
				OTHER_LDFLAGS = (
					"-ObjC",
					"-lalljoyn",
					"-lajrouter",
					"-lssl",
					"-lcrypto",
					"-lLSFObjCHelper",
				);
				PRODUCT_NAME = "$(TARGET_NAME)";
				USER_HEADER_SEARCH_PATHS = "";
				VALID_ARCHS = "armv7 arm64";
				WRAPPER_EXTENSION = app;
			};
			name = Release;
		};
		8776E07319BEAAED00BDF50B /* Debug */ = {
			isa = XCBuildConfiguration;
			buildSettings = {
				BUNDLE_LOADER = "$(BUILT_PRODUCTS_DIR)/LSFTutorial.app/LSFTutorial";
				FRAMEWORK_SEARCH_PATHS = (
					"$(SDKROOT)/Developer/Library/Frameworks",
					"$(inherited)",
					"$(DEVELOPER_FRAMEWORKS_DIR)",
				);
				GCC_PRECOMPILE_PREFIX_HEADER = YES;
				GCC_PREFIX_HEADER = "LSFTutorial/LSFTutorial-Prefix.pch";
				GCC_PREPROCESSOR_DEFINITIONS = (
					"DEBUG=1",
					"$(inherited)",
				);
				INFOPLIST_FILE = "LSFTutorialTests/LSFTutorialTests-Info.plist";
				PRODUCT_NAME = "$(TARGET_NAME)";
				TEST_HOST = "$(BUNDLE_LOADER)";
				WRAPPER_EXTENSION = xctest;
			};
			name = Debug;
		};
		8776E07419BEAAED00BDF50B /* Release */ = {
			isa = XCBuildConfiguration;
			buildSettings = {
				BUNDLE_LOADER = "$(BUILT_PRODUCTS_DIR)/LSFTutorial.app/LSFTutorial";
				FRAMEWORK_SEARCH_PATHS = (
					"$(SDKROOT)/Developer/Library/Frameworks",
					"$(inherited)",
					"$(DEVELOPER_FRAMEWORKS_DIR)",
				);
				GCC_PRECOMPILE_PREFIX_HEADER = YES;
				GCC_PREFIX_HEADER = "LSFTutorial/LSFTutorial-Prefix.pch";
				INFOPLIST_FILE = "LSFTutorialTests/LSFTutorialTests-Info.plist";
				PRODUCT_NAME = "$(TARGET_NAME)";
				TEST_HOST = "$(BUNDLE_LOADER)";
				WRAPPER_EXTENSION = xctest;
			};
			name = Release;
		};
/* End XCBuildConfiguration section */

/* Begin XCConfigurationList section */
		8776E03819BEAAED00BDF50B /* Build configuration list for PBXProject "LSFTutorial" */ = {
			isa = XCConfigurationList;
			buildConfigurations = (
				8776E06D19BEAAED00BDF50B /* Debug */,
				8776E06E19BEAAED00BDF50B /* Release */,
			);
			defaultConfigurationIsVisible = 0;
			defaultConfigurationName = Release;
		};
		8776E06F19BEAAED00BDF50B /* Build configuration list for PBXNativeTarget "LSFTutorial" */ = {
			isa = XCConfigurationList;
			buildConfigurations = (
				8776E07019BEAAED00BDF50B /* Debug */,
				8776E07119BEAAED00BDF50B /* Release */,
			);
			defaultConfigurationIsVisible = 0;
			defaultConfigurationName = Release;
		};
		8776E07219BEAAED00BDF50B /* Build configuration list for PBXNativeTarget "LSFTutorialTests" */ = {
			isa = XCConfigurationList;
			buildConfigurations = (
				8776E07319BEAAED00BDF50B /* Debug */,
				8776E07419BEAAED00BDF50B /* Release */,
			);
			defaultConfigurationIsVisible = 0;
			defaultConfigurationName = Release;
		};
/* End XCConfigurationList section */
	};
	rootObject = 8776E03519BEAAED00BDF50B /* Project object */;
}
